
Microsoft Visual Studio Solution File, Format Version 12.00
# Visual Studio Version 17
VisualStudioVersion = 17.4.33205.214
MinimumVisualStudioVersion = 10.0.40219.1
Project("{FAE04EC0-301F-11D3-BF4B-00C04F79EFBC}") = "HttpContextCatcher", "HttpContextCatcher\HttpContextCatcher.csproj", "{4EDCA3E5-B7CB-4F6B-A766-95E642AB439B}"
EndProject
Global
	GlobalSection(SolutionConfigurationPlatforms) = preSolution
		Debug|Any CPU = Debug|Any CPU
		Release|Any CPU = Release|Any CPU
	EndGlobalSection
	GlobalSection(ProjectConfigurationPlatforms) = postSolution
		{4EDCA3E5-B7CB-4F6B-A766-95E642AB439B}.Debug|Any CPU.ActiveCfg = Debug|Any CPU
		{4EDCA3E5-B7CB-4F6B-A766-95E642AB439B}.Debug|Any CPU.Build.0 = Debug|Any CPU
		{4EDCA3E5-B7CB-4F6B-A766-95E642AB439B}.Release|Any CPU.ActiveCfg = Release|Any CPU
		{4EDCA3E5-B7CB-4F6B-A766-95E642AB439B}.Release|Any CPU.Build.0 = Release|Any CPU
	EndGlobalSection
	GlobalSection(SolutionProperties) = preSolution
		HideSolutionNode = FALSE
	EndGlobalSection
	GlobalSection(ExtensibilityGlobals) = postSolution
		SolutionGuid = {2EA9F9F3-50A0-4E77-8963-B78B0A246217}
	EndGlobalSection
EndGlobal
